
Microsoft Visual Studio Solution File, Format Version 12.00
# Visual Studio 2012
Project("{FAE04EC0-301F-11D3-BF4B-00C04F79EFBC}") = "Hotel.UI", "Hotel.UI\Hotel.UI.csproj", "{57425891-AA74-4BB1-B37F-4E779AF7B235}"
EndProject
Global
	GlobalSection(SolutionConfigurationPlatforms) = preSolution
		Debug|Any CPU = Debug|Any CPU
		Release|Any CPU = Release|Any CPU
	EndGlobalSection
	GlobalSection(ProjectConfigurationPlatforms) = postSolution
		{57425891-AA74-4BB1-B37F-4E779AF7B235}.Debug|Any CPU.ActiveCfg = Debug|Any CPU
		{57425891-AA74-4BB1-B37F-4E779AF7B235}.Debug|Any CPU.Build.0 = Debug|Any CPU
		{57425891-AA74-4BB1-B37F-4E779AF7B235}.Release|Any CPU.ActiveCfg = Release|Any CPU
		{57425891-AA74-4BB1-B37F-4E779AF7B235}.Release|Any CPU.Build.0 = Release|Any CPU
	EndGlobalSection
	GlobalSection(SolutionProperties) = preSolution
		HideSolutionNode = FALSE
	EndGlobalSection
EndGlobal
